
Microsoft Visual Studio Solution File, Format Version 12.00
# Visual Studio Version 16
VisualStudioVersion = 16.0.29911.84
MinimumVisualStudioVersion = 10.0.40219.1
Project("{FAE04EC0-301F-11D3-BF4B-00C04F79EFBC}") = "Parte2_Arduino", "Parte2_Arduino\Parte2_Arduino.csproj", "{056DD872-DCDC-45CB-9266-B9D31BC7CB90}"
EndProject
Global
	GlobalSection(SolutionConfigurationPlatforms) = preSolution
		Debug|Any CPU = Debug|Any CPU
		Release|Any CPU = Release|Any CPU
	EndGlobalSection
	GlobalSection(ProjectConfigurationPlatforms) = postSolution
		{056DD872-DCDC-45CB-9266-B9D31BC7CB90}.Debug|Any CPU.ActiveCfg = Debug|Any CPU
		{056DD872-DCDC-45CB-9266-B9D31BC7CB90}.Debug|Any CPU.Build.0 = Debug|Any CPU
		{056DD872-DCDC-45CB-9266-B9D31BC7CB90}.Release|Any CPU.ActiveCfg = Release|Any CPU
		{056DD872-DCDC-45CB-9266-B9D31BC7CB90}.Release|Any CPU.Build.0 = Release|Any CPU
	EndGlobalSection
	GlobalSection(SolutionProperties) = preSolution
		HideSolutionNode = FALSE
	EndGlobalSection
	GlobalSection(ExtensibilityGlobals) = postSolution
		SolutionGuid = {5360423D-316F-4358-ABEF-B1688435169D}
	EndGlobalSection
EndGlobal
